# This file is automatically @generated by Cargo.
# It is not intended for manual editing.
version = 4

[[package]]
name = "cfg-if"
version = "1.0.4"
source = "registry+https://github.com/rust-lang/crates.io-index"
checksum = "9330f8b2ff13f34540b44e946ef35111825727b38d33286ef986142615121801"

[[package]]
name = "check-if-array-is-good"
version = "0.1.0"

[[package]]
name = "cyclically-rotating-a-grid"
version = "0.1.0"

[[package]]
name = "either"
version = "1.15.0"
source = "registry+https://github.com/rust-lang/crates.io-index"
checksum = "48c757948c5ede0e46177b7add2e67155f70e33c07fea8284df6576da70b3719"

[[package]]
name = "find-minimum-in-rotated-sorted-array"
version = "0.1.0"

[[package]]
name = "find-minimum-in-rotated-sorted-array-ii"
version = "0.1.0"

[[package]]
name = "find-the-length-of-the-longest-common-prefix"
version = "0.1.0"

[[package]]
name = "getrandom"
version = "0.3.4"
source = "registry+https://github.com/rust-lang/crates.io-index"
checksum = "899def5c37c4fd7b2664648c28120ecec138e4d395b459e5ca34f9cce2dd77fd"
dependencies = [
 "cfg-if",
 "libc",
 "r-efi",
 "wasip2",
]

[[package]]
name = "itertools"
version = "0.14.0"
source = "registry+https://github.com/rust-lang/crates.io-index"
checksum = "2b192c782037fadd9cfa75548310488aabdbf3d2da73885b31bd0abd03351285"
dependencies = [
 "either",
]

[[package]]
name = "jump-game-iii"
version = "0.1.0"

[[package]]
name = "jump-game-ix"
version = "0.1.0"

[[package]]
name = "libc"
version = "0.2.186"
source = "registry+https://github.com/rust-lang/crates.io-index"
checksum = "68ab91017fe16c622486840e4c83c9a37afeff978bd239b5293d61ece587de66"

[[package]]
name = "maximum-number-of-jumps-to-reach-the-last-index"
version = "0.1.0"

[[package]]
name = "minimum-common-value"
version = "0.1.0"

[[package]]
name = "minimum-jumps-to-reach-end-via-prime-teleportation"
version = "0.1.0"

[[package]]
name = "minimum-moves-to-make-array-complementary"
version = "0.1.0"

[[package]]
name = "p10-regular-expression-matching"
version = "0.1.0"

[[package]]
name = "p1009-complement-of-base-10-integer"
version = "0.1.0"

[[package]]
name = "p1015-smallest-integer-divisible-by-k"
version = "0.1.0"

[[package]]
name = "p1017-convert-to-base-negative-2"
version = "0.1.0"

[[package]]
name = "p1018-binary-prefix-divisible-by-5"
version = "0.1.0"

[[package]]
name = "p1022-sum-of-root-to-leaf-binary-numbers"
version = "0.1.0"

[[package]]
name = "p1038-binary-search-tree-to-greater-sum-tree"
version = "0.1.0"

[[package]]
name = "p1047-remove-all-adjacent-duplicates-in-string"
version = "0.1.0"

[[package]]
name = "p110-balanced-binary-tree"
version = "0.1.0"

[[package]]
name = "p1108-defanging-an-ip-address"
version = "0.1.0"

[[package]]
name = "p120-triangle"
version = "0.1.0"

[[package]]
name = "p1200-minimum-absolute-difference"
version = "0.1.0"

[[package]]
name = "p1209-remove-all-adjacent-duplicates-in-string-2"
version = "0.1.0"

[[package]]
name = "p1262-greatest-sum-divisible-by-three"
version = "0.1.0"

[[package]]
name = "p1266-minimum-time-visiting-all-points"
version = "0.1.0"

[[package]]
name = "p1277-count-square-submatrices-with-all-ones"
version = "0.1.0"

[[package]]
name = "p1292-maximum-side-length-of-a-square-with-sum-less-than-or-equal-to-threshold"
version = "0.1.0"

[[package]]
name = "p1320-minimum-distance-to-type-a-word-using-two-fingers"
version = "0.1.0"

[[package]]
name = "p1323-maximum-69-number"
version = "0.1.0"

[[package]]
name = "p1351-count-negative-numbers-in-a-sorted-matrix"
version = "0.1.0"

[[package]]
name = "p1356-sort-integers-by-the-number-of-1-bits"
version = "0.1.0"

[[package]]
name = "p1390-four-divisors"
version = "0.1.0"

[[package]]
name = "p1404-number-of-steps-to-reduce-a-number-in-binary-representation-to-one"
version = "0.1.0"

[[package]]
name = "p1406-stone-game-iii"
version = "0.1.0"

[[package]]
name = "p1411-number-of-ways-to-paint-n-3-grid"
version = "0.1.0"

[[package]]
name = "p1415-the-k-th-lexicographical-string-of-all-happy-strings-of-length-n"
version = "0.1.0"

[[package]]
name = "p1437-check-if-all-1s-are-at-least-length-k-places-away"
version = "0.1.0"

[[package]]
name = "p1446-consecutive-characters"
version = "0.1.0"

[[package]]
name = "p1458-max-dot-product-of-two-subsequences"
version = "0.1.0"

[[package]]
name = "p1461-check-if-a-string-contains-all-binary-codes-of-size-k"
version = "0.1.0"

[[package]]
name = "p1470-shuffle-the-array"
version = "0.1.0"

[[package]]
name = "p1504-count-submatrices-with-all-ones"
version = "0.1.0"

[[package]]
name = "p1512-number-of-good-pairs"
version = "0.1.0"

[[package]]
name = "p1513-number-of-substrings-with-only-1s"
version = "0.1.0"

[[package]]
name = "p1523-count-odd-numbers-in-an-interval-range"
version = "0.1.0"

[[package]]
name = "p1536-minimum-swaps-to-arrange-a-binary-grid"
version = "0.1.0"

[[package]]
name = "p1545-find-kth-bit-in-nth-binary-string"
version = "0.1.0"

[[package]]
name = "p1559-detect-cycles-in-2d-grid"
version = "0.1.0"

[[package]]
name = "p1582-special-positions-in-a-binary-matrix"
version = "0.1.0"

[[package]]
name = "p1590-make-sum-divisible-by-p"
version = "0.1.0"

[[package]]
name = "p1594-maximum-non-negative-product-in-a-matrix"
version = "0.1.0"

[[package]]
name = "p1622-fancy-sequence"
version = "0.1.0"

[[package]]
name = "p165-compare-version-numbers"
version = "0.1.0"

[[package]]
name = "p1653-minimum-deletions-to-make-string-balanced"
version = "0.1.0"

[[package]]
name = "p166-fraction-to-recurring-decimal"
version = "0.1.0"

[[package]]
name = "p1672-richest-customer-wealth"
version = "0.1.0"

[[package]]
name = "p1680-concatenation-of-consecutive-binary-numbers"
version = "0.1.0"

[[package]]
name = "p1684-count-the-number-of-consistent-strings"
version = "0.1.0"

[[package]]
name = "p1689-partitioning-into-minimum-number-of-deci-binary-numbers"
version = "0.1.0"

[[package]]
name = "p1722-minimize-hamming-distance-after-swap-operations"
version = "0.1.0"

[[package]]
name = "p1727-largest-submatrix-with-rearrangements"
version = "0.1.0"

[[package]]
name = "p1745-check-if-there-is-a-valid-path-in-a-grid"
version = "0.1.0"

[[package]]
name = "p1758-minimum-changes-to-make-alternating-binary-string"
version = "0.1.0"

[[package]]
name = "p1759-count-number-of-homogenous-substrings"
version = "0.1.0"

[[package]]
name = "p1769-minimum-number-of-operations-to-move-all-balls-to-each-box"
version = "0.1.0"

[[package]]
name = "p1784-check-if-binary-string-has-at-most-one-segment-of-ones"
version = "0.1.0"

[[package]]
name = "p1814-count-nice-pairs-in-an-array"
version = "0.1.0"

[[package]]
name = "p1825-finding-mk-average"
version = "0.1.0"

[[package]]
name = "p1845-seat-reservation-manager"
version = "0.1.0"

[[package]]
name = "p1848-minimum-distance-to-the-target-element"
version = "0.1.0"

[[package]]
name = "p1855-maximum-distance-between-a-pair-of-values"
version = "0.1.0"

[[package]]
name = "p1863-sum-of-all-subset-xor-totals"
version = "0.1.0"

[[package]]
name = "p1869-longer-contiguous-segments-of-ones-than-zeros"
version = "0.1.0"

[[package]]
name = "p1877-minimize-maximum-pair-sum-in-array"
version = "0.1.0"

[[package]]
name = "p1878-get-biggest-three-rhombus-sums-in-a-grid"
version = "0.1.0"

[[package]]
name = "p1886-determine-whether-matrix-can-be-obtained-by-rotation"
version = "0.1.0"

[[package]]
name = "p1888-minimum-number-of-flips-to-make-the-binary-string-alternating"
version = "0.1.0"

[[package]]
name = "p189-rotate-array"
version = "0.1.0"

[[package]]
name = "p1895-largest-magic-square"
version = "0.1.0"

[[package]]
name = "p191-number-of-1-bits"
version = "0.1.0"

[[package]]
name = "p1920-build-array-from-permutation"
version = "0.1.0"

[[package]]
name = "p1925-count-square-sum-triples"
version = "0.1.0"

[[package]]
name = "p1929-concatenation-of-array"
version = "0.1.0"

[[package]]
name = "p1930-unique-length-3-palindromic-subsequences"
version = "0.1.0"

[[package]]
name = "p1935-maximum-number-of-words-you-can-type"
version = "0.1.0"

[[package]]
name = "p1970-last-day-where-you-can-still-cross"
version = "0.1.0"

[[package]]
name = "p1975-maximum-matrix-sum"
version = "0.1.0"

[[package]]
name = "p1980-find-unique-binary-string"
version = "0.1.0"

[[package]]
name = "p1984-minimum-difference-between-highest-and-lowest-of-k-scores"
version = "0.1.0"

[[package]]
name = "p2001-number-of-pairs-of-interchangeable-rectangles"
version = "0.1.0"

[[package]]
name = "p2011-final-value-of-variable-after-performing-operations"
version = "0.1.0"

[[package]]
name = "p202-happy-number"
version = "0.1.0"

[[package]]
name = "p2044-count-number-of-maximum-bitwise-or-subsets"
version = "0.1.0"

[[package]]
name = "p2054-two-best-non-overlapping-event"
version = "0.1.0"

[[package]]
name = "p206-reverse-linked-list"
version = "0.1.0"

[[package]]
name = "p2069-walking-robot-simulation-ii"
version = "0.1.0"

[[package]]
name = "p2075-decode-the-slanted-ciphertext"
version = "0.1.0"

[[package]]
name = "p2078-two-furthest-houses-with-different-colors"
version = "0.1.0"

[[package]]
name = "p2092-find-all-people-with-secret"
version = "0.1.0"

[[package]]
name = "p2110-number-of-smooth-descent-periods-of-a-stock"
version = "0.1.0"

[[package]]
name = "p2141-maximum-running-time-of-n-computers"
version = "0.1.0"

[[package]]
name = "p2147-number-of-ways-to-divide-a-long-corridor"
version = "0.1.0"

[[package]]
name = "p2154-keep-multiplying-found-values-by-two"
version = "0.1.0"

[[package]]
name = "p2181-merge-nodes-in-between-zeros"
version = "0.1.0"

[[package]]
name = "p2197-replace-non-coprime-numbers-in-array"
version = "0.1.0"

[[package]]
name = "p2211-count-collisions-on-a-road"
version = "0.1.0"

[[package]]
name = "p23-merge-k-sorted-lists"
version = "0.1.0"

[[package]]
name = "p2348-number-of-zero-filled-subarrays"
version = "0.1.0"

[[package]]
name = "p2349-design-a-number-container-system"
version = "0.1.0"

[[package]]
name = "p2353-design-a-food-rating-system"
version = "0.1.0"

[[package]]
name = "p2364-count-number-of-bad-pairs"
version = "0.1.0"

[[package]]
name = "p239-sliding-window-maximum"
version = "0.1.0"

[[package]]
name = "p2396-strictly-palindromic-number"
version = "0.1.0"

[[package]]
name = "p2402-meeting-rooms-3"
version = "0.1.0"

[[package]]
name = "p2435-paths-in-matrix-whose-sum-is-divisible-by-k"
version = "0.1.0"

[[package]]
name = "p2452-words-within-two-edits-of-dictionary"
version = "0.1.0"

[[package]]
name = "p2455-average-value-of-even-numbers-that-are-divisible-by-three"
version = "0.1.0"

[[package]]
name = "p2463-minimum-total-distance-traveled"
version = "0.1.0"

[[package]]
name = "p2469-convert-the-temperature"
version = "0.1.0"

[[package]]
name = "p2483-minimum-penalty-for-a-shop"
version = "0.1.0"

[[package]]
name = "p2506-count-pair-of-similar-strings"
version = "0.1.0"

[[package]]
name = "p2515-shortest-distance-to-target-string-in-a-circular-array"
version = "0.1.0"

[[package]]
name = "p2573-find-the-string-with-lcp"
version = "0.1.0"

[[package]]
name = "p2615-sum-of-distances"
version = "0.1.0"

[[package]]
name = "p2644-find-the-maximum-divisibility-score"
version = "0.1.0"

[[package]]
name = "p2716-minimize-string-length"
version = "0.1.0"

[[package]]
name = "p2751-robot-collisions"
version = "0.1.0"

[[package]]
name = "p2769-find-the-maximum-achievable-number"
version = "0.1.0"

[[package]]
name = "p2807-insert-greatest-common-divisors-in-linked-list"
version = "0.1.0"

[[package]]
name = "p2833-furthest-point-from-origin"
version = "0.1.0"

[[package]]
name = "p2839-check-if-strings-can-be-made-equal-with-operations-i"
version = "0.1.0"

[[package]]
name = "p2840-check-if-strings-can-be-made-equal-with-operations-ii"
version = "0.1.0"

[[package]]
name = "p2872-maximum-number-of-k-divisible-components"
version = "0.1.0"

[[package]]
name = "p2894-divisible-and-non-divisible-sums-difference"
version = "0.1.0"

[[package]]
name = "p29-divide-two-integer"
version = "0.1.0"

[[package]]
name = "p2906-construct-product-matrix"
version = "0.1.0"

[[package]]
name = "p2942-find-words-containing-character"
version = "0.1.0"

[[package]]
name = "p2943-maximize-area-of-square-hole-in-grid"
version = "0.1.0"

[[package]]
name = "p2946-matrix-similarity-after-cyclic-shifts"
version = "0.1.0"

[[package]]
name = "p295-find-median-from-data-stream"
version = "0.1.0"

[[package]]
name = "p2975-maximum-square-area-by-removing-fences-from-a-field"
version = "0.1.0"

[[package]]
name = "p2976-minimum-cost-to-convert-string-i"
version = "0.1.0"

[[package]]
name = "p2977-minimum-cost-to-convert-string-ii"
version = "0.1.0"
dependencies = [
 "itertools",
]

[[package]]
name = "p2980-check-if-bitwise-or-has-trailing-zeros"
version = "0.1.0"

[[package]]
name = "p3005-count-elements-with-maximum-frequency"
version = "0.1.0"

[[package]]
name = "p3010-divide-an-array-into-subarrays-with-minimum-cost-i"
version = "0.1.0"

[[package]]
name = "p3013-divide-an-array-into-subarrays-with-minimum-cost-ii"
version = "0.1.0"

[[package]]
name = "p3047-find-the-largest-area-of-square-inside-two-rectangles"
version = "0.1.0"

[[package]]
name = "p3070-count-submatrices-with-top-left-element-and-sum-less-than-k"
version = "0.1.0"

[[package]]
name = "p3074-apple-redistribution-into-boxes"
version = "0.1.0"

[[package]]
name = "p3075-maximize-happiness-of-selected-children"
version = "0.1.0"

[[package]]
name = "p3110-score-of-a-string"
version = "0.1.0"

[[package]]
name = "p3129-find-all-possible-stable-binary-arrays-i"
version = "0.1.0"

[[package]]
name = "p3190-find-minimum-operations-to-make-all-elements-divisible-by-three"
version = "0.1.0"

[[package]]
name = "p3195-find-the-minimum-area-to-cover-all-ones"
version = "0.1.0"

[[package]]
name = "p3212-count-submatrices-with-equal-frequency-of-x-and-y"
version = "0.1.0"

[[package]]
name = "p3234-count-the-number-of-substrings-with-dominant-ones"
version = "0.1.0"

[[package]]
name = "p3280-convert-date-to-binary"
version = "0.1.0"

[[package]]
name = "p3289-the-two-sneaky-numbers-of-digitville"
version = "0.1.0"

[[package]]
name = "p3296-minimum-number-of-seconds-to-make-mountain-height-zero"
version = "0.1.0"

[[package]]
name = "p3314-construct-the-minimum-bitwise-array-i"
version = "0.1.0"

[[package]]
name = "p3315-construct-the-minimum-bitwise-array-ii"
version = "0.1.0"

[[package]]
name = "p3379-transformed-array"
version = "0.1.0"

[[package]]
name = "p3381-maximum-subarray-sum-with-length-divisible-by-k"
version = "0.1.0"

[[package]]
name = "p3408-design-task-manager"
version = "0.1.0"

[[package]]
name = "p3418-maximum-amount-of-money-robot-can-earn"
version = "0.1.0"

[[package]]
name = "p342-power-of-four"
version = "0.1.0"

[[package]]
name = "p3433-count-mentions-per-user"
version = "0.1.0"

[[package]]
name = "p3453-seperate-squares-1"
version = "0.1.0"

[[package]]
name = "p3464-maximize-the-distance-between-points-on-a-square"
version = "0.1.0"

[[package]]
name = "p3467-transform-array-by-parity"
version = "0.1.0"

[[package]]
name = "p3474-lexicographically-smallest-generated-string"
version = "0.1.0"

[[package]]
name = "p3484-design-spread-sheet"
version = "0.1.0"

[[package]]
name = "p3488-closest-equal-element-queries"
version = "0.1.0"

[[package]]
name = "p3507-minimum-pair-removal-to-sort-array-i"
version = "0.1.0"

[[package]]
name = "p3508-implement-router"
version = "0.1.0"

[[package]]
name = "p3512-minimum-operations-to-make-array-sum-divisible-by-k"
version = "0.1.0"

[[package]]
name = "p3516-find-closest-person"
version = "0.1.0"

[[package]]
name = "p3531-count-covered-buildings"
version = "0.1.0"

[[package]]
name = "p3541-find-most-frequent-vowel-and-consonant"
version = "0.1.0"

[[package]]
name = "p3542-minimum-operation-to-convert-all-element-to-zero"
version = "0.1.0"

[[package]]
name = "p3546-equal-sum-grid-partition-i"
version = "0.1.0"

[[package]]
name = "p3548-equal-sum-grid-partition-ii"
version = "0.1.0"

[[package]]
name = "p3567-minimum-absolute-difference-in-sliding-submatrix"
version = "0.1.0"

[[package]]
name = "p3573-best-time-to-buy-and-sell-stock-v"
version = "0.1.0"

[[package]]
name = "p3577-count-the-number-of-computer-unlocking-permutations"
version = "0.1.0"

[[package]]
name = "p3583-count-special-triplets"
version = "0.1.0"

[[package]]
name = "p3606-coupon-code-validator"
version = "0.1.0"

[[package]]
name = "p3623-count-number-of-trapezoids-i"
version = "0.1.0"

[[package]]
name = "p3625-count-number-of-trapezoids-ii"
version = "0.1.0"

[[package]]
name = "p3634-minimum-removals-to-balance-array"
version = "0.1.0"

[[package]]
name = "p3637-trionic-array-i"
version = "0.1.0"

[[package]]
name = "p3640-trionic-array-ii"
version = "0.1.0"

[[package]]
name = "p3643-flip-square-submatrix-vertically"
version = "0.1.0"

[[package]]
name = "p3650-minimum-cost-path-with-edge-reversals"
version = "0.1.0"

[[package]]
name = "p3651-minimum-cost-path-with-teleportations"
version = "0.1.0"

[[package]]
name = "p3652-best-time-to-buy-and-sell-stock-using-strategy"
version = "0.1.0"

[[package]]
name = "p3653-xor-after-range-multiplication-queries-i"
version = "0.1.0"

[[package]]
name = "p3655-xor-after-range-multiplication-queries-ii"
version = "0.1.0"

[[package]]
name = "p3661-maximum-walls-destroyed-by-robots"
version = "0.1.0"

[[package]]
name = "p3666-minimum-operations-to-equalize-binary-string"
version = "0.1.0"

[[package]]
name = "p3668-restore-finishing-order"
version = "0.1.0"

[[package]]
name = "p37-sudoku-solver"
version = "0.1.0"

[[package]]
name = "p3701-compute-alternating-sum"
version = "0.1.0"

[[package]]
name = "p3713-longest-balanced-substring-i"
version = "0.1.0"

[[package]]
name = "p3714-longest-balanced-substring-ii"
version = "0.1.0"

[[package]]
name = "p3719-longest-balanced-subarray-i"
version = "0.1.0"

[[package]]
name = "p3721-longest-balanced-subarray-ii"
version = "0.1.0"

[[package]]
name = "p3740-minimum-distance-between-three-equal-elements-i"
version = "0.1.0"

[[package]]
name = "p3741-minimum-distance-between-three-equal-elements-ii"
version = "0.1.0"

[[package]]
name = "p3742-maximum-path-score-in-a-grid"
version = "0.1.0"

[[package]]
name = "p3760-maximum-substrings-with-distinct-start"
version = "0.1.0"

[[package]]
name = "p3761-minimum-absolute-distance-between-mirror-pairs"
version = "0.1.0"

[[package]]
name = "p3771-total-score-of-dungeon-runs"
version = "0.1.0"

[[package]]
name = "p3783-mirror-distance-of-an-integer"
version = "0.1.0"

[[package]]
name = "p3794-reverse-string-prefix"
version = "0.1.0"

[[package]]
name = "p384-shuffle-an-array"
version = "0.1.0"
dependencies = [
 "rand",
]

[[package]]
name = "p396-rotate-function"
version = "0.1.0"

[[package]]
name = "p4-median-of-two-sorted-arrays"
version = "0.1.0"

[[package]]
name = "p401-binary-watch"
version = "0.1.0"

[[package]]
name = "p43-multiply-strings"
version = "0.1.0"

[[package]]
name = "p45-jump-game-ii"
version = "0.1.0"

[[package]]
name = "p453-minimum-moves-to-equal-array-elements"
version = "0.1.0"

[[package]]
name = "p470-implement-rand10-using-rand7"
version = "0.1.0"

[[package]]
name = "p478-generate-random-point-in-a-circle"
version = "0.1.0"
dependencies = [
 "rand",
]

[[package]]
name = "p485-max-consecutive-ones"
version = "0.1.0"

[[package]]
name = "p51-n-queens"
version = "0.1.0"

[[package]]
name = "p52-n-queens-2"
version = "0.1.0"

[[package]]
name = "p611-valid-triangle-number"
version = "0.1.0"

[[package]]
name = "p62-unique-path"
version = "0.1.0"

[[package]]
name = "p63-unique-path-2"
version = "0.1.0"

[[package]]
name = "p64-minimum-path-sum"
version = "0.1.0"

[[package]]
name = "p657-robot-return-to-origin"
version = "0.1.0"

[[package]]
name = "p66-plus-one"
version = "0.1.0"

[[package]]
name = "p67-add-binary"
version = "0.1.0"

[[package]]
name = "p679-24-game"
version = "0.1.0"

[[package]]
name = "p693-binary-number-with-alternating-bits"
version = "0.1.0"

[[package]]
name = "p696-count-binary-substrings"
version = "0.1.0"

[[package]]
name = "p705-design-hashset"
version = "0.1.0"

[[package]]
name = "p706-design-hashmap"
version = "0.1.0"

[[package]]
name = "p71-simplify-path"
version = "0.1.0"

[[package]]
name = "p712-minimum-ascii-delete-sum-for-two-strings"
version = "0.1.0"

[[package]]
name = "p717-one-bit-and-two-bit-characters"
version = "0.1.0"

[[package]]
name = "p72-edit-distance"
version = "0.1.0"

[[package]]
name = "p74-search-a-2d-matrix"
version = "0.1.0"

[[package]]
name = "p744-find-smallest-letter-greater-than-target"
version = "0.1.0"

[[package]]
name = "p747-largest-number-at-least-twice-of-others"
version = "0.1.0"

[[package]]
name = "p75-sort-colors"
version = "0.1.0"

[[package]]
name = "p756-pyramid-transition-matrix"
version = "0.1.0"

[[package]]
name = "p757-set-intersection-size-at-least-two"
version = "0.1.0"

[[package]]
name = "p761-special-binary-string"
version = "0.1.0"

[[package]]
name = "p762-prime-number-of-set-bits-in-binary-representation"
version = "0.1.0"

[[package]]
name = "p77-combinations"
version = "0.1.0"

[[package]]
name = "p771-jewels-and-stones"
version = "0.1.0"

[[package]]
name = "p78-subsets"
version = "0.1.0"

[[package]]
name = "p788-rotated-digits"
version = "0.1.0"

[[package]]
name = "p796-rotate-string"
version = "0.1.0"

[[package]]
name = "p799-champagne-tower"
version = "0.1.0"

[[package]]
name = "p812-largest-triangle-area"
version = "0.1.0"

[[package]]
name = "p837-new-21-game"
version = "0.1.0"

[[package]]
name = "p840-magic-squares-in-grid"
version = "0.1.0"

[[package]]
name = "p868-binary-gap"
version = "0.1.0"

[[package]]
name = "p874-walking-robot-simulation"
version = "0.1.0"

[[package]]
name = "p944-delete-columns-to-make-sorted"
version = "0.1.0"

[[package]]
name = "p955-delete-columns-to-make-sorted-2"
version = "0.1.0"

[[package]]
name = "p960-delete-columns-to-make-sorted-3"
version = "0.1.0"

[[package]]
name = "p961-n-repeated-element-in-size-2n-array"
version = "0.1.0"

[[package]]
name = "p980-unique-path-3"
version = "0.1.0"

[[package]]
name = "ppv-lite86"
version = "0.2.21"
source = "registry+https://github.com/rust-lang/crates.io-index"
checksum = "85eae3c4ed2f50dcfe72643da4befc30deadb458a9b590d720cde2f2b1e97da9"
dependencies = [
 "zerocopy",
]

[[package]]
name = "proc-macro2"
version = "1.0.106"
source = "registry+https://github.com/rust-lang/crates.io-index"
checksum = "8fd00f0bb2e90d81d1044c2b32617f68fcb9fa3bb7640c23e9c748e53fb30934"
dependencies = [
 "unicode-ident",
]

[[package]]
name = "quote"
version = "1.0.45"
source = "registry+https://github.com/rust-lang/crates.io-index"
checksum = "41f2619966050689382d2b44f664f4bc593e129785a36d6ee376ddf37259b924"
dependencies = [
 "proc-macro2",
]

[[package]]
name = "r-efi"
version = "5.3.0"
source = "registry+https://github.com/rust-lang/crates.io-index"
checksum = "69cdb34c158ceb288df11e18b4bd39de994f6657d83847bdffdbd7f346754b0f"

[[package]]
name = "rand"
version = "0.9.4"
source = "registry+https://github.com/rust-lang/crates.io-index"
checksum = "44c5af06bb1b7d3216d91932aed5265164bf384dc89cd6ba05cf59a35f5f76ea"
dependencies = [
 "rand_chacha",
 "rand_core",
]

[[package]]
name = "rand_chacha"
version = "0.9.0"
source = "registry+https://github.com/rust-lang/crates.io-index"
checksum = "d3022b5f1df60f26e1ffddd6c66e8aa15de382ae63b3a0c1bfc0e4d3e3f325cb"
dependencies = [
 "ppv-lite86",
 "rand_core",
]

[[package]]
name = "rand_core"
version = "0.9.5"
source = "registry+https://github.com/rust-lang/crates.io-index"
checksum = "76afc826de14238e6e8c374ddcc1fa19e374fd8dd986b0d2af0d02377261d83c"
dependencies = [
 "getrandom",
]

[[package]]
name = "rotating-the-box"
version = "0.1.0"

[[package]]
name = "search-in-rotated-sorted-array"
version = "0.1.0"

[[package]]
name = "separate-the-digits-in-an-array"
version = "0.1.0"

[[package]]
name = "syn"
version = "2.0.117"
source = "registry+https://github.com/rust-lang/crates.io-index"
checksum = "e665b8803e7b1d2a727f4023456bbbbe74da67099c585258af0ad9c5013b9b99"
dependencies = [
 "proc-macro2",
 "quote",
 "unicode-ident",
]

[[package]]
name = "unicode-ident"
version = "1.0.24"
source = "registry+https://github.com/rust-lang/crates.io-index"
checksum = "e6e4313cd5fcd3dad5cafa179702e2b244f760991f45397d14d4ebf38247da75"

[[package]]
name = "wasip2"
version = "1.0.3+wasi-0.2.9"
source = "registry+https://github.com/rust-lang/crates.io-index"
checksum = "20064672db26d7cdc89c7798c48a0fdfac8213434a1186e5ef29fd560ae223d6"
dependencies = [
 "wit-bindgen",
]

[[package]]
name = "wit-bindgen"
version = "0.57.1"
source = "registry+https://github.com/rust-lang/crates.io-index"
checksum = "1ebf944e87a7c253233ad6766e082e3cd714b5d03812acc24c318f549614536e"

[[package]]
name = "zerocopy"
version = "0.8.48"
source = "registry+https://github.com/rust-lang/crates.io-index"
checksum = "eed437bf9d6692032087e337407a86f04cd8d6a16a37199ed57949d415bd68e9"
dependencies = [
 "zerocopy-derive",
]

[[package]]
name = "zerocopy-derive"
version = "0.8.48"
source = "registry+https://github.com/rust-lang/crates.io-index"
checksum = "70e3cd084b1788766f53af483dd21f93881ff30d7320490ec3ef7526d203bad4"
dependencies = [
 "proc-macro2",
 "quote",
 "syn",
]
